// !$*UTF8*$!
{
	archiveVersion = 1;
	classes = {
	};
	objectVersion = 50;
	objects = {

/* Begin PBXBuildFile section */
		3C3EB6FD22520EFD00F67A6D /* AppDelegate.swift in Sources */ = {isa = PBXBuildFile; fileRef = 3C3EB6FC22520EFD00F67A6D /* AppDelegate.swift */; };
		3C3EB6FF22520EFD00F67A6D /* LoginViewController.swift in Sources */ = {isa = PBXBuildFile; fileRef = 3C3EB6FE22520EFD00F67A6D /* LoginViewController.swift */; };
		3C3EB70222520EFD00F67A6D /* Main.storyboard in Resources */ = {isa = PBXBuildFile; fileRef = 3C3EB70022520EFD00F67A6D /* Main.storyboard */; };
		3C3EB70422520EFE00F67A6D /* Assets.xcassets in Resources */ = {isa = PBXBuildFile; fileRef = 3C3EB70322520EFE00F67A6D /* Assets.xcassets */; };
		3C3EB70722520EFE00F67A6D /* LaunchScreen.storyboard in Resources */ = {isa = PBXBuildFile; fileRef = 3C3EB70522520EFE00F67A6D /* LaunchScreen.storyboard */; };
		6D6CA862225621E300983B2D /* GoogleService-Info.plist in Resources */ = {isa = PBXBuildFile; fileRef = 6D6CA861225621E300983B2D /* GoogleService-Info.plist */; };
		6D6CA8642256247D00983B2D /* AppContainerViewController.swift in Sources */ = {isa = PBXBuildFile; fileRef = 6D6CA8632256247D00983B2D /* AppContainerViewController.swift */; };
		6D6CA866225625E600983B2D /* AppManager.swift in Sources */ = {isa = PBXBuildFile; fileRef = 6D6CA865225625E600983B2D /* AppManager.swift */; };
		6D815CD1228D744F007C570A /* Icon.jpg in Resources */ = {isa = PBXBuildFile; fileRef = 6D815CD0228D744F007C570A /* Icon.jpg */; };
		6DCA6CF02281B6BD008B46CD /* Post.swift in Sources */ = {isa = PBXBuildFile; fileRef = 6DCA6CEF2281B6BD008B46CD /* Post.swift */; };
		6DCA6CF42281C7A1008B46CD /* NewsFeedViewController.swift in Sources */ = {isa = PBXBuildFile; fileRef = 6DCA6CF32281C7A1008B46CD /* NewsFeedViewController.swift */; };
		6DCA6CF62281D4D4008B46CD /* PostsViewController.swift in Sources */ = {isa = PBXBuildFile; fileRef = 6DCA6CF52281D4D4008B46CD /* PostsViewController.swift */; };
		86FB6AE3A762B99A0F75D97C /* Pods_Portfolio.framework in Frameworks */ = {isa = PBXBuildFile; fileRef = 72062CBB32EF52ECCFB9FE77 /* Pods_Portfolio.framework */; };
/* End PBXBuildFile section */

/* Begin PBXFileReference section */
		18DD747E3CFE6C4619684B66 /* Pods-Portfolio.debug.xcconfig */ = {isa = PBXFileReference; includeInIndex = 1; lastKnownFileType = text.xcconfig; name = "Pods-Portfolio.debug.xcconfig"; path = "Pods/Target Support Files/Pods-Portfolio/Pods-Portfolio.debug.xcconfig"; sourceTree = "<group>"; };
		3C3EB6F922520EFD00F67A6D /* Portfolio.app */ = {isa = PBXFileReference; explicitFileType = wrapper.application; includeInIndex = 0; path = Portfolio.app; sourceTree = BUILT_PRODUCTS_DIR; };
		3C3EB6FC22520EFD00F67A6D /* AppDelegate.swift */ = {isa = PBXFileReference; lastKnownFileType = sourcecode.swift; path = AppDelegate.swift; sourceTree = "<group>"; };
		3C3EB6FE22520EFD00F67A6D /* LoginViewController.swift */ = {isa = PBXFileReference; lastKnownFileType = sourcecode.swift; path = LoginViewController.swift; sourceTree = "<group>"; };
		3C3EB70122520EFD00F67A6D /* Base */ = {isa = PBXFileReference; lastKnownFileType = file.storyboard; name = Base; path = Base.lproj/Main.storyboard; sourceTree = "<group>"; };
		3C3EB70322520EFE00F67A6D /* Assets.xcassets */ = {isa = PBXFileReference; lastKnownFileType = folder.assetcatalog; path = Assets.xcassets; sourceTree = "<group>"; };
		3C3EB70622520EFE00F67A6D /* Base */ = {isa = PBXFileReference; lastKnownFileType = file.storyboard; name = Base; path = Base.lproj/LaunchScreen.storyboard; sourceTree = "<group>"; };
		3C3EB70822520EFE00F67A6D /* Info.plist */ = {isa = PBXFileReference; lastKnownFileType = text.plist.xml; path = Info.plist; sourceTree = "<group>"; };
		4CB0A404C07DADB049BE5EDA /* Pods-Portfolio.release.xcconfig */ = {isa = PBXFileReference; includeInIndex = 1; lastKnownFileType = text.xcconfig; name = "Pods-Portfolio.release.xcconfig"; path = "Pods/Target Support Files/Pods-Portfolio/Pods-Portfolio.release.xcconfig"; sourceTree = "<group>"; };
		6D6CA861225621E300983B2D /* GoogleService-Info.plist */ = {isa = PBXFileReference; fileEncoding = 4; lastKnownFileType = text.plist.xml; path = "GoogleService-Info.plist"; sourceTree = "<group>"; };
		6D6CA8632256247D00983B2D /* AppContainerViewController.swift */ = {isa = PBXFileReference; lastKnownFileType = sourcecode.swift; path = AppContainerViewController.swift; sourceTree = "<group>"; };
		6D6CA865225625E600983B2D /* AppManager.swift */ = {isa = PBXFileReference; lastKnownFileType = sourcecode.swift; path = AppManager.swift; sourceTree = "<group>"; };
		6D815CD0228D744F007C570A /* Icon.jpg */ = {isa = PBXFileReference; lastKnownFileType = image.jpeg; name = Icon.jpg; path = "Assets.xcassets/Icon-1.imageset/Icon.jpg"; sourceTree = "<group>"; };
		6DCA6CEF2281B6BD008B46CD /* Post.swift */ = {isa = PBXFileReference; fileEncoding = 4; lastKnownFileType = sourcecode.swift; path = Post.swift; sourceTree = "<group>"; };
		6DCA6CF32281C7A1008B46CD /* NewsFeedViewController.swift */ = {isa = PBXFileReference; lastKnownFileType = sourcecode.swift; path = NewsFeedViewController.swift; sourceTree = "<group>"; };
		6DCA6CF52281D4D4008B46CD /* PostsViewController.swift */ = {isa = PBXFileReference; fileEncoding = 4; lastKnownFileType = sourcecode.swift; path = PostsViewController.swift; sourceTree = "<group>"; };
		72062CBB32EF52ECCFB9FE77 /* Pods_Portfolio.framework */ = {isa = PBXFileReference; explicitFileType = wrapper.framework; includeInIndex = 0; path = Pods_Portfolio.framework; sourceTree = BUILT_PRODUCTS_DIR; };
/* End PBXFileReference section */

/* Begin PBXFrameworksBuildPhase section */
		3C3EB6F622520EFD00F67A6D /* Frameworks */ = {
			isa = PBXFrameworksBuildPhase;
			buildActionMask = 2147483647;
			files = (
				86FB6AE3A762B99A0F75D97C /* Pods_Portfolio.framework in Frameworks */,
			);
			runOnlyForDeploymentPostprocessing = 0;
		};
/* End PBXFrameworksBuildPhase section */

/* Begin PBXGroup section */
		3C3EB6F022520EFD00F67A6D = {
			isa = PBXGroup;
			children = (
				3C3EB6FB22520EFD00F67A6D /* Portfolio */,
				3C3EB6FA22520EFD00F67A6D /* Products */,
				4E656BA94FD2BD4EBB955FE4 /* Pods */,
				A7BBBD507BCD006559FC91A3 /* Frameworks */,
			);
			sourceTree = "<group>";
		};
		3C3EB6FA22520EFD00F67A6D /* Products */ = {
			isa = PBXGroup;
			children = (
				3C3EB6F922520EFD00F67A6D /* Portfolio.app */,
			);
			name = Products;
			sourceTree = "<group>";
		};
		3C3EB6FB22520EFD00F67A6D /* Portfolio */ = {
			isa = PBXGroup;
			children = (
				3C3EB6FC22520EFD00F67A6D /* AppDelegate.swift */,
				6DCA6CEF2281B6BD008B46CD /* Post.swift */,
				3C3EB6FE22520EFD00F67A6D /* LoginViewController.swift */,
				6D6CA8632256247D00983B2D /* AppContainerViewController.swift */,
				6D6CA865225625E600983B2D /* AppManager.swift */,
				6DCA6CF52281D4D4008B46CD /* PostsViewController.swift */,
				6DCA6CF32281C7A1008B46CD /* NewsFeedViewController.swift */,
				3C3EB70022520EFD00F67A6D /* Main.storyboard */,
				3C3EB70322520EFE00F67A6D /* Assets.xcassets */,
				3C3EB70522520EFE00F67A6D /* LaunchScreen.storyboard */,
				3C3EB70822520EFE00F67A6D /* Info.plist */,
				6D815CD0228D744F007C570A /* Icon.jpg */,
				6D6CA861225621E300983B2D /* GoogleService-Info.plist */,
			);
			path = Portfolio;
			sourceTree = "<group>";
		};
		4E656BA94FD2BD4EBB955FE4 /* Pods */ = {
			isa = PBXGroup;
			children = (
				18DD747E3CFE6C4619684B66 /* Pods-Portfolio.debug.xcconfig */,
				4CB0A404C07DADB049BE5EDA /* Pods-Portfolio.release.xcconfig */,
			);
			name = Pods;
			sourceTree = "<group>";
		};
		A7BBBD507BCD006559FC91A3 /* Frameworks */ = {
			isa = PBXGroup;
			children = (
				72062CBB32EF52ECCFB9FE77 /* Pods_Portfolio.framework */,
			);
			name = Frameworks;
			sourceTree = "<group>";
		};
/* End PBXGroup section */

/* Begin PBXNativeTarget section */
		3C3EB6F822520EFD00F67A6D /* Portfolio */ = {
			isa = PBXNativeTarget;
			buildConfigurationList = 3C3EB70B22520EFE00F67A6D /* Build configuration list for PBXNativeTarget "Portfolio" */;
			buildPhases = (
				C08C0C9139434E2516E0D61F /* [CP] Check Pods Manifest.lock */,
				3C3EB6F522520EFD00F67A6D /* Sources */,
				3C3EB6F622520EFD00F67A6D /* Frameworks */,
				3C3EB6F722520EFD00F67A6D /* Resources */,
				23F3F08458CA96B4C8BABEFF /* [CP] Embed Pods Frameworks */,
			);
			buildRules = (
			);
			dependencies = (
			);
			name = Portfolio;
			productName = Portfolio;
			productReference = 3C3EB6F922520EFD00F67A6D /* Portfolio.app */;
			productType = "com.apple.product-type.application";
		};
/* End PBXNativeTarget section */

/* Begin PBXProject section */
		3C3EB6F122520EFD00F67A6D /* Project object */ = {
			isa = PBXProject;
			attributes = {
				LastSwiftUpdateCheck = 1010;
				LastUpgradeCheck = 1010;
				ORGANIZATIONNAME = "max bareham";
				TargetAttributes = {
					3C3EB6F822520EFD00F67A6D = {
						CreatedOnToolsVersion = 10.1;
					};
				};
			};
			buildConfigurationList = 3C3EB6F422520EFD00F67A6D /* Build configuration list for PBXProject "Portfolio" */;
			compatibilityVersion = "Xcode 9.3";
			developmentRegion = en;
			hasScannedForEncodings = 0;
			knownRegions = (
				en,
				Base,
			);
			mainGroup = 3C3EB6F022520EFD00F67A6D;
			productRefGroup = 3C3EB6FA22520EFD00F67A6D /* Products */;
			projectDirPath = "";
			projectRoot = "";
			targets = (
				3C3EB6F822520EFD00F67A6D /* Portfolio */,
			);
		};
/* End PBXProject section */

/* Begin PBXResourcesBuildPhase section */
		3C3EB6F722520EFD00F67A6D /* Resources */ = {
			isa = PBXResourcesBuildPhase;
			buildActionMask = 2147483647;
			files = (
				3C3EB70722520EFE00F67A6D /* LaunchScreen.storyboard in Resources */,
				6D6CA862225621E300983B2D /* GoogleService-Info.plist in Resources */,
				6D815CD1228D744F007C570A /* Icon.jpg in Resources */,
				3C3EB70422520EFE00F67A6D /* Assets.xcassets in Resources */,
				3C3EB70222520EFD00F67A6D /* Main.storyboard in Resources */,
			);
			runOnlyForDeploymentPostprocessing = 0;
		};
/* End PBXResourcesBuildPhase section */

/* Begin PBXShellScriptBuildPhase section */
		23F3F08458CA96B4C8BABEFF /* [CP] Embed Pods Frameworks */ = {
			isa = PBXShellScriptBuildPhase;
			buildActionMask = 2147483647;
			files = (
			);
			inputFileListPaths = (
			);
			inputPaths = (
				"${SRCROOT}/Pods/Target Support Files/Pods-Portfolio/Pods-Portfolio-frameworks.sh",
				"${BUILT_PRODUCTS_DIR}/BoringSSL-GRPC/openssl_grpc.framework",
				"${BUILT_PRODUCTS_DIR}/GTMSessionFetcher/GTMSessionFetcher.framework",
				"${BUILT_PRODUCTS_DIR}/GoogleUtilities/GoogleUtilities.framework",
				"${BUILT_PRODUCTS_DIR}/Protobuf/Protobuf.framework",
				"${BUILT_PRODUCTS_DIR}/TextFieldEffects/TextFieldEffects.framework",
				"${BUILT_PRODUCTS_DIR}/gRPC-C++/grpcpp.framework",
				"${BUILT_PRODUCTS_DIR}/gRPC-Core/grpc.framework",
				"${BUILT_PRODUCTS_DIR}/leveldb-library/leveldb.framework",
				"${BUILT_PRODUCTS_DIR}/nanopb/nanopb.framework",
			);
			name = "[CP] Embed Pods Frameworks";
			outputFileListPaths = (
			);
			outputPaths = (
				"${TARGET_BUILD_DIR}/${FRAMEWORKS_FOLDER_PATH}/openssl_grpc.framework",
				"${TARGET_BUILD_DIR}/${FRAMEWORKS_FOLDER_PATH}/GTMSessionFetcher.framework",
				"${TARGET_BUILD_DIR}/${FRAMEWORKS_FOLDER_PATH}/GoogleUtilities.framework",
				"${TARGET_BUILD_DIR}/${FRAMEWORKS_FOLDER_PATH}/Protobuf.framework",
				"${TARGET_BUILD_DIR}/${FRAMEWORKS_FOLDER_PATH}/TextFieldEffects.framework",
				"${TARGET_BUILD_DIR}/${FRAMEWORKS_FOLDER_PATH}/grpcpp.framework",
				"${TARGET_BUILD_DIR}/${FRAMEWORKS_FOLDER_PATH}/grpc.framework",
				"${TARGET_BUILD_DIR}/${FRAMEWORKS_FOLDER_PATH}/leveldb.framework",
				"${TARGET_BUILD_DIR}/${FRAMEWORKS_FOLDER_PATH}/nanopb.framework",
			);
			runOnlyForDeploymentPostprocessing = 0;
			shellPath = /bin/sh;
			shellScript = "\"${SRCROOT}/Pods/Target Support Files/Pods-Portfolio/Pods-Portfolio-frameworks.sh\"\n";
			showEnvVarsInLog = 0;
		};
		C08C0C9139434E2516E0D61F /* [CP] Check Pods Manifest.lock */ = {
			isa = PBXShellScriptBuildPhase;
			buildActionMask = 2147483647;
			files = (
			);
			inputFileListPaths = (
			);
			inputPaths = (
				"${PODS_PODFILE_DIR_PATH}/Podfile.lock",
				"${PODS_ROOT}/Manifest.lock",
			);
			name = "[CP] Check Pods Manifest.lock";
			outputFileListPaths = (
			);
			outputPaths = (
				"$(DERIVED_FILE_DIR)/Pods-Portfolio-checkManifestLockResult.txt",
			);
			runOnlyForDeploymentPostprocessing = 0;
			shellPath = /bin/sh;
			shellScript = "diff \"${PODS_PODFILE_DIR_PATH}/Podfile.lock\" \"${PODS_ROOT}/Manifest.lock\" > /dev/null\nif [ $? != 0 ] ; then\n    # print error to STDERR\n    echo \"error: The sandbox is not in sync with the Podfile.lock. Run 'pod install' or update your CocoaPods installation.\" >&2\n    exit 1\nfi\n# This output is used by Xcode 'outputs' to avoid re-running this script phase.\necho \"SUCCESS\" > \"${SCRIPT_OUTPUT_FILE_0}\"\n";
			showEnvVarsInLog = 0;
		};
/* End PBXShellScriptBuildPhase section */

/* Begin PBXSourcesBuildPhase section */
		3C3EB6F522520EFD00F67A6D /* Sources */ = {
			isa = PBXSourcesBuildPhase;
			buildActionMask = 2147483647;
			files = (
				3C3EB6FF22520EFD00F67A6D /* LoginViewController.swift in Sources */,
				3C3EB6FD22520EFD00F67A6D /* AppDelegate.swift in Sources */,
				6D6CA8642256247D00983B2D /* AppContainerViewController.swift in Sources */,
				6DCA6CF02281B6BD008B46CD /* Post.swift in Sources */,
				6D6CA866225625E600983B2D /* AppManager.swift in Sources */,
				6DCA6CF42281C7A1008B46CD /* NewsFeedViewController.swift in Sources */,
				6DCA6CF62281D4D4008B46CD /* PostsViewController.swift in Sources */,
			);
			runOnlyForDeploymentPostprocessing = 0;
		};
/* End PBXSourcesBuildPhase section */

/* Begin PBXVariantGroup section */
		3C3EB70022520EFD00F67A6D /* Main.storyboard */ = {
			isa = PBXVariantGroup;
			children = (
				3C3EB70122520EFD00F67A6D /* Base */,
			);
			name = Main.storyboard;
			sourceTree = "<group>";
		};
		3C3EB70522520EFE00F67A6D /* LaunchScreen.storyboard */ = {
			isa = PBXVariantGroup;
			children = (
				3C3EB70622520EFE00F67A6D /* Base */,
			);
			name = LaunchScreen.storyboard;
			sourceTree = "<group>";
		};
/* End PBXVariantGroup section */

/* Begin XCBuildConfiguration section */
		3C3EB70922520EFE00F67A6D /* Debug */ = {
			isa = XCBuildConfiguration;
			buildSettings = {
				ALWAYS_SEARCH_USER_PATHS = NO;
				CLANG_ANALYZER_NONNULL = YES;
				CLANG_ANALYZER_NUMBER_OBJECT_CONVERSION = YES_AGGRESSIVE;
				CLANG_CXX_LANGUAGE_STANDARD = "gnu++14";
				CLANG_CXX_LIBRARY = "libc++";
				CLANG_ENABLE_MODULES = YES;
				CLANG_ENABLE_OBJC_ARC = YES;
				CLANG_ENABLE_OBJC_WEAK = YES;
				CLANG_WARN_BLOCK_CAPTURE_AUTORELEASING = YES;
				CLANG_WARN_BOOL_CONVERSION = YES;
				CLANG_WARN_COMMA = YES;
				CLANG_WARN_CONSTANT_CONVERSION = YES;
				CLANG_WARN_DEPRECATED_OBJC_IMPLEMENTATIONS = YES;
				CLANG_WARN_DIRECT_OBJC_ISA_USAGE = YES_ERROR;
				CLANG_WARN_DOCUMENTATION_COMMENTS = YES;
				CLANG_WARN_EMPTY_BODY = YES;
				CLANG_WARN_ENUM_CONVERSION = YES;
				CLANG_WARN_INFINITE_RECURSION = YES;
				CLANG_WARN_INT_CONVERSION = YES;
				CLANG_WARN_NON_LITERAL_NULL_CONVERSION = YES;
				CLANG_WARN_OBJC_IMPLICIT_RETAIN_SELF = YES;
				CLANG_WARN_OBJC_LITERAL_CONVERSION = YES;
				CLANG_WARN_OBJC_ROOT_CLASS = YES_ERROR;
				CLANG_WARN_RANGE_LOOP_ANALYSIS = YES;
				CLANG_WARN_STRICT_PROTOTYPES = YES;
				CLANG_WARN_SUSPICIOUS_MOVE = YES;
				CLANG_WARN_UNGUARDED_AVAILABILITY = YES_AGGRESSIVE;
				CLANG_WARN_UNREACHABLE_CODE = YES;
				CLANG_WARN__DUPLICATE_METHOD_MATCH = YES;
				CODE_SIGN_IDENTITY = "iPhone Developer";
				COPY_PHASE_STRIP = NO;
				DEBUG_INFORMATION_FORMAT = dwarf;
				ENABLE_STRICT_OBJC_MSGSEND = YES;
				ENABLE_TESTABILITY = YES;
				GCC_C_LANGUAGE_STANDARD = gnu11;
				GCC_DYNAMIC_NO_PIC = NO;
				GCC_NO_COMMON_BLOCKS = YES;
				GCC_OPTIMIZATION_LEVEL = 0;
				GCC_PREPROCESSOR_DEFINITIONS = (
					"DEBUG=1",
					"$(inherited)",
				);
				GCC_WARN_64_TO_32_BIT_CONVERSION = YES;
				GCC_WARN_ABOUT_RETURN_TYPE = YES_ERROR;
				GCC_WARN_UNDECLARED_SELECTOR = YES;
				GCC_WARN_UNINITIALIZED_AUTOS = YES_AGGRESSIVE;
				GCC_WARN_UNUSED_FUNCTION = YES;
				GCC_WARN_UNUSED_VARIABLE = YES;
				IPHONEOS_DEPLOYMENT_TARGET = 12.1;
				MTL_ENABLE_DEBUG_INFO = INCLUDE_SOURCE;
				MTL_FAST_MATH = YES;
				ONLY_ACTIVE_ARCH = YES;
				SDKROOT = iphoneos;
				SWIFT_ACTIVE_COMPILATION_CONDITIONS = DEBUG;
				SWIFT_OPTIMIZATION_LEVEL = "-Onone";
			};
			name = Debug;
		};
		3C3EB70A22520EFE00F67A6D /* Release */ = {
			isa = XCBuildConfiguration;
			buildSettings = {
				ALWAYS_SEARCH_USER_PATHS = NO;
				CLANG_ANALYZER_NONNULL = YES;
				CLANG_ANALYZER_NUMBER_OBJECT_CONVERSION = YES_AGGRESSIVE;
				CLANG_CXX_LANGUAGE_STANDARD = "gnu++14";
				CLANG_CXX_LIBRARY = "libc++";
				CLANG_ENABLE_MODULES = YES;
				CLANG_ENABLE_OBJC_ARC = YES;
				CLANG_ENABLE_OBJC_WEAK = YES;
				CLANG_WARN_BLOCK_CAPTURE_AUTORELEASING = YES;
				CLANG_WARN_BOOL_CONVERSION = YES;
				CLANG_WARN_COMMA = YES;
				CLANG_WARN_CONSTANT_CONVERSION = YES;
				CLANG_WARN_DEPRECATED_OBJC_IMPLEMENTATIONS = YES;
				CLANG_WARN_DIRECT_OBJC_ISA_USAGE = YES_ERROR;
				CLANG_WARN_DOCUMENTATION_COMMENTS = YES;
				CLANG_WARN_EMPTY_BODY = YES;
				CLANG_WARN_ENUM_CONVERSION = YES;
				CLANG_WARN_INFINITE_RECURSION = YES;
				CLANG_WARN_INT_CONVERSION = YES;
				CLANG_WARN_NON_LITERAL_NULL_CONVERSION = YES;
				CLANG_WARN_OBJC_IMPLICIT_RETAIN_SELF = YES;
				CLANG_WARN_OBJC_LITERAL_CONVERSION = YES;
				CLANG_WARN_OBJC_ROOT_CLASS = YES_ERROR;
				CLANG_WARN_RANGE_LOOP_ANALYSIS = YES;
				CLANG_WARN_STRICT_PROTOTYPES = YES;
				CLANG_WARN_SUSPICIOUS_MOVE = YES;
				CLANG_WARN_UNGUARDED_AVAILABILITY = YES_AGGRESSIVE;
				CLANG_WARN_UNREACHABLE_CODE = YES;
				CLANG_WARN__DUPLICATE_METHOD_MATCH = YES;
				CODE_SIGN_IDENTITY = "iPhone Developer";
				COPY_PHASE_STRIP = NO;
				DEBUG_INFORMATION_FORMAT = "dwarf-with-dsym";
				ENABLE_NS_ASSERTIONS = NO;
				ENABLE_STRICT_OBJC_MSGSEND = YES;
				GCC_C_LANGUAGE_STANDARD = gnu11;
				GCC_NO_COMMON_BLOCKS = YES;
				GCC_WARN_64_TO_32_BIT_CONVERSION = YES;
				GCC_WARN_ABOUT_RETURN_TYPE = YES_ERROR;
				GCC_WARN_UNDECLARED_SELECTOR = YES;
				GCC_WARN_UNINITIALIZED_AUTOS = YES_AGGRESSIVE;
				GCC_WARN_UNUSED_FUNCTION = YES;
				GCC_WARN_UNUSED_VARIABLE = YES;
				IPHONEOS_DEPLOYMENT_TARGET = 12.1;
				MTL_ENABLE_DEBUG_INFO = NO;
				MTL_FAST_MATH = YES;
				SDKROOT = iphoneos;
				SWIFT_COMPILATION_MODE = wholemodule;
				SWIFT_OPTIMIZATION_LEVEL = "-O";
				VALIDATE_PRODUCT = YES;
			};
			name = Release;
		};
		3C3EB70C22520EFE00F67A6D /* Debug */ = {
			isa = XCBuildConfiguration;
			baseConfigurationReference = 18DD747E3CFE6C4619684B66 /* Pods-Portfolio.debug.xcconfig */;
			buildSettings = {
				ASSETCATALOG_COMPILER_APPICON_NAME = AppIcon;
				CODE_SIGN_STYLE = Automatic;
				DEVELOPMENT_TEAM = WXA8KFDWYD;
				INFOPLIST_FILE = Portfolio/Info.plist;
				IPHONEOS_DEPLOYMENT_TARGET = 12.0;
				LD_RUNPATH_SEARCH_PATHS = (
					"$(inherited)",
					"@executable_path/Frameworks",
				);
				PRODUCT_BUNDLE_IDENTIFIER = Max.Portfolio;
				PRODUCT_NAME = "$(TARGET_NAME)";
				SWIFT_VERSION = 4.2;
				TARGETED_DEVICE_FAMILY = "1,2";
			};
			name = Debug;
		};
		3C3EB70D22520EFE00F67A6D /* Release */ = {
			isa = XCBuildConfiguration;
			baseConfigurationReference = 4CB0A404C07DADB049BE5EDA /* Pods-Portfolio.release.xcconfig */;
			buildSettings = {
				ASSETCATALOG_COMPILER_APPICON_NAME = AppIcon;
				CODE_SIGN_STYLE = Automatic;
				DEVELOPMENT_TEAM = WXA8KFDWYD;
				INFOPLIST_FILE = Portfolio/Info.plist;
				IPHONEOS_DEPLOYMENT_TARGET = 12.0;
				LD_RUNPATH_SEARCH_PATHS = (
					"$(inherited)",
					"@executable_path/Frameworks",
				);
				PRODUCT_BUNDLE_IDENTIFIER = Max.Portfolio;
				PRODUCT_NAME = "$(TARGET_NAME)";
				SWIFT_VERSION = 4.2;
				TARGETED_DEVICE_FAMILY = "1,2";
			};
			name = Release;
		};
/* End XCBuildConfiguration section */

/* Begin XCConfigurationList section */
		3C3EB6F422520EFD00F67A6D /* Build configuration list for PBXProject "Portfolio" */ = {
			isa = XCConfigurationList;
			buildConfigurations = (
				3C3EB70922520EFE00F67A6D /* Debug */,
				3C3EB70A22520EFE00F67A6D /* Release */,
			);
			defaultConfigurationIsVisible = 0;
			defaultConfigurationName = Release;
		};
		3C3EB70B22520EFE00F67A6D /* Build configuration list for PBXNativeTarget "Portfolio" */ = {
			isa = XCConfigurationList;
			buildConfigurations = (
				3C3EB70C22520EFE00F67A6D /* Debug */,
				3C3EB70D22520EFE00F67A6D /* Release */,
			);
			defaultConfigurationIsVisible = 0;
			defaultConfigurationName = Release;
		};
/* End XCConfigurationList section */
	};
	rootObject = 3C3EB6F122520EFD00F67A6D /* Project object */;
}
